
Microsoft Visual Studio Solution File, Format Version 12.00
# Visual Studio Version 16
VisualStudioVersion = 16.0.33529.622
MinimumVisualStudioVersion = 10.0.40219.1
Project("{FAE04EC0-301F-11D3-BF4B-00C04F79EFBC}") = "CalculadoraDeImpostos", "CalculadoraDeImpostos\CalculadoraDeImpostos.csproj", "{EC2179CB-EA2C-4CCA-A52F-CFBFD9F49AC8}"
EndProject
Global
	GlobalSection(SolutionConfigurationPlatforms) = preSolution
		Debug|Any CPU = Debug|Any CPU
		Release|Any CPU = Release|Any CPU
	EndGlobalSection
	GlobalSection(ProjectConfigurationPlatforms) = postSolution
		{EC2179CB-EA2C-4CCA-A52F-CFBFD9F49AC8}.Debug|Any CPU.ActiveCfg = Debug|Any CPU
		{EC2179CB-EA2C-4CCA-A52F-CFBFD9F49AC8}.Debug|Any CPU.Build.0 = Debug|Any CPU
		{EC2179CB-EA2C-4CCA-A52F-CFBFD9F49AC8}.Release|Any CPU.ActiveCfg = Release|Any CPU
		{EC2179CB-EA2C-4CCA-A52F-CFBFD9F49AC8}.Release|Any CPU.Build.0 = Release|Any CPU
	EndGlobalSection
	GlobalSection(SolutionProperties) = preSolution
		HideSolutionNode = FALSE
	EndGlobalSection
	GlobalSection(ExtensibilityGlobals) = postSolution
		SolutionGuid = {23E2F8EB-1F47-4899-A27A-57BCA1D0C34B}
	EndGlobalSection
EndGlobal
